// !$*UTF8*$!
{
	archiveVersion = 1;
	classes = {
	};
	objectVersion = 46;
	objects = {

/* Begin PBXBuildFile section */
		1D40BA6A19D1230E008CF6E2 /* main.m in Sources */ = {isa = PBXBuildFile; fileRef = 1D40BA6919D1230E008CF6E2 /* main.m */; };
		1D40BA6D19D1230E008CF6E2 /* AppDelegate.m in Sources */ = {isa = PBXBuildFile; fileRef = 1D40BA6C19D1230E008CF6E2 /* AppDelegate.m */; };
		1D40BA7019D1230E008CF6E2 /* BCycleStationsViewController.m in Sources */ = {isa = PBXBuildFile; fileRef = 1D40BA6F19D1230E008CF6E2 /* BCycleStationsViewController.m */; };
		1D40BA7319D1230E008CF6E2 /* Main-iPhone.storyboard in Resources */ = {isa = PBXBuildFile; fileRef = 1D40BA7119D1230E008CF6E2 /* Main-iPhone.storyboard */; };
		1D40BA8419D1230E008CF6E2 /* BCycleTests.m in Sources */ = {isa = PBXBuildFile; fileRef = 1D40BA8319D1230E008CF6E2 /* BCycleTests.m */; };
		1D40BA9019D12B50008CF6E2 /* BCycleServices.m in Sources */ = {isa = PBXBuildFile; fileRef = 1D40BA8F19D12B50008CF6E2 /* BCycleServices.m */; };
		1D43B5001A48CBEB00204622 /* StationInformationViewController.m in Sources */ = {isa = PBXBuildFile; fileRef = 1D43B4FF1A48CBEB00204622 /* StationInformationViewController.m */; };
		1DDC03D21A4624F2002A220D /* BCycleStation.m in Sources */ = {isa = PBXBuildFile; fileRef = 1DDC03D11A4624F2002A220D /* BCycleStation.m */; };
		1DDC03D81A4626DC002A220D /* BCycleStation+MKAnnontation.m in Sources */ = {isa = PBXBuildFile; fileRef = 1DDC03D71A4626DC002A220D /* BCycleStation+MKAnnontation.m */; };
		1DEDCE671A47733A00D51456 /* Images.xcassets in Resources */ = {isa = PBXBuildFile; fileRef = 1DEDCE661A47733A00D51456 /* Images.xcassets */; };
		1DF99EA01A619EFE00E60C83 /* Boulder.gpx in Resources */ = {isa = PBXBuildFile; fileRef = 1DF99E9F1A619EFE00E60C83 /* Boulder.gpx */; };
		A9AAA04A19D4C1DC00D928D0 /* MapKit.framework in Frameworks */ = {isa = PBXBuildFile; fileRef = A9AAA04919D4C1DC00D928D0 /* MapKit.framework */; };
/* End PBXBuildFile section */

/* Begin PBXContainerItemProxy section */
		1D40BA7E19D1230E008CF6E2 /* PBXContainerItemProxy */ = {
			isa = PBXContainerItemProxy;
			containerPortal = 1D40BA5C19D1230E008CF6E2 /* Project object */;
			proxyType = 1;
			remoteGlobalIDString = 1D40BA6319D1230E008CF6E2;
			remoteInfo = BCycle;
		};
/* End PBXContainerItemProxy section */

/* Begin PBXFileReference section */
		1D40BA6419D1230E008CF6E2 /* BCycle.app */ = {isa = PBXFileReference; explicitFileType = wrapper.application; includeInIndex = 0; path = BCycle.app; sourceTree = BUILT_PRODUCTS_DIR; };
		1D40BA6819D1230E008CF6E2 /* Info.plist */ = {isa = PBXFileReference; lastKnownFileType = text.plist.xml; path = Info.plist; sourceTree = "<group>"; };
		1D40BA6919D1230E008CF6E2 /* main.m */ = {isa = PBXFileReference; lastKnownFileType = sourcecode.c.objc; path = main.m; sourceTree = "<group>"; };
		1D40BA6B19D1230E008CF6E2 /* AppDelegate.h */ = {isa = PBXFileReference; lastKnownFileType = sourcecode.c.h; path = AppDelegate.h; sourceTree = "<group>"; };
		1D40BA6C19D1230E008CF6E2 /* AppDelegate.m */ = {isa = PBXFileReference; lastKnownFileType = sourcecode.c.objc; path = AppDelegate.m; sourceTree = "<group>"; };
		1D40BA6E19D1230E008CF6E2 /* BCycleStationsViewController.h */ = {isa = PBXFileReference; lastKnownFileType = sourcecode.c.h; path = BCycleStationsViewController.h; sourceTree = "<group>"; };
		1D40BA6F19D1230E008CF6E2 /* BCycleStationsViewController.m */ = {isa = PBXFileReference; lastKnownFileType = sourcecode.c.objc; path = BCycleStationsViewController.m; sourceTree = "<group>"; };
		1D40BA7219D1230E008CF6E2 /* Base */ = {isa = PBXFileReference; lastKnownFileType = file.storyboard; name = Base; path = "Base.lproj/Main-iPhone.storyboard"; sourceTree = "<group>"; };
		1D40BA7D19D1230E008CF6E2 /* BCycleTests.xctest */ = {isa = PBXFileReference; explicitFileType = wrapper.cfbundle; includeInIndex = 0; path = BCycleTests.xctest; sourceTree = BUILT_PRODUCTS_DIR; };
		1D40BA8219D1230E008CF6E2 /* Info.plist */ = {isa = PBXFileReference; lastKnownFileType = text.plist.xml; path = Info.plist; sourceTree = "<group>"; };
		1D40BA8319D1230E008CF6E2 /* BCycleTests.m */ = {isa = PBXFileReference; lastKnownFileType = sourcecode.c.objc; path = BCycleTests.m; sourceTree = "<group>"; };
		1D40BA8E19D12B50008CF6E2 /* BCycleServices.h */ = {isa = PBXFileReference; fileEncoding = 4; lastKnownFileType = sourcecode.c.h; path = BCycleServices.h; sourceTree = "<group>"; };
		1D40BA8F19D12B50008CF6E2 /* BCycleServices.m */ = {isa = PBXFileReference; fileEncoding = 4; lastKnownFileType = sourcecode.c.objc; path = BCycleServices.m; sourceTree = "<group>"; };
		1D43B4FE1A48CBEB00204622 /* StationInformationViewController.h */ = {isa = PBXFileReference; fileEncoding = 4; lastKnownFileType = sourcecode.c.h; path = StationInformationViewController.h; sourceTree = "<group>"; };
		1D43B4FF1A48CBEB00204622 /* StationInformationViewController.m */ = {isa = PBXFileReference; fileEncoding = 4; lastKnownFileType = sourcecode.c.objc; path = StationInformationViewController.m; sourceTree = "<group>"; };
		1DDC03D01A4624F2002A220D /* BCycleStation.h */ = {isa = PBXFileReference; fileEncoding = 4; lastKnownFileType = sourcecode.c.h; path = BCycleStation.h; sourceTree = "<group>"; };
		1DDC03D11A4624F2002A220D /* BCycleStation.m */ = {isa = PBXFileReference; fileEncoding = 4; lastKnownFileType = sourcecode.c.objc; path = BCycleStation.m; sourceTree = "<group>"; };
		1DDC03D61A4626DC002A220D /* BCycleStation+MKAnnontation.h */ = {isa = PBXFileReference; fileEncoding = 4; lastKnownFileType = sourcecode.c.h; path = "BCycleStation+MKAnnontation.h"; sourceTree = "<group>"; };
		1DDC03D71A4626DC002A220D /* BCycleStation+MKAnnontation.m */ = {isa = PBXFileReference; fileEncoding = 4; lastKnownFileType = sourcecode.c.objc; path = "BCycleStation+MKAnnontation.m"; sourceTree = "<group>"; };
		1DEDCE661A47733A00D51456 /* Images.xcassets */ = {isa = PBXFileReference; lastKnownFileType = folder.assetcatalog; path = Images.xcassets; sourceTree = "<group>"; };
		1DF99E9F1A619EFE00E60C83 /* Boulder.gpx */ = {isa = PBXFileReference; fileEncoding = 4; lastKnownFileType = text.xml; path = Boulder.gpx; sourceTree = "<group>"; };
		A9AAA04919D4C1DC00D928D0 /* MapKit.framework */ = {isa = PBXFileReference; lastKnownFileType = wrapper.framework; name = MapKit.framework; path = System/Library/Frameworks/MapKit.framework; sourceTree = SDKROOT; };
		A9AAA04B19D4C27C00D928D0 /* Denver.gpx */ = {isa = PBXFileReference; lastKnownFileType = text.xml; path = Denver.gpx; sourceTree = "<group>"; };
/* End PBXFileReference section */

/* Begin PBXFrameworksBuildPhase section */
		1D40BA6119D1230E008CF6E2 /* Frameworks */ = {
			isa = PBXFrameworksBuildPhase;
			buildActionMask = 2147483647;
			files = (
				A9AAA04A19D4C1DC00D928D0 /* MapKit.framework in Frameworks */,
			);
			runOnlyForDeploymentPostprocessing = 0;
		};
		1D40BA7A19D1230E008CF6E2 /* Frameworks */ = {
			isa = PBXFrameworksBuildPhase;
			buildActionMask = 2147483647;
			files = (
			);
			runOnlyForDeploymentPostprocessing = 0;
		};
/* End PBXFrameworksBuildPhase section */

/* Begin PBXGroup section */
		1D40BA5B19D1230E008CF6E2 = {
			isa = PBXGroup;
			children = (
				A9AAA04919D4C1DC00D928D0 /* MapKit.framework */,
				1D40BA6619D1230E008CF6E2 /* BCycle */,
				1D40BA8019D1230E008CF6E2 /* BCycleTests */,
				1D40BA6519D1230E008CF6E2 /* Products */,
			);
			sourceTree = "<group>";
		};
		1D40BA6519D1230E008CF6E2 /* Products */ = {
			isa = PBXGroup;
			children = (
				1D40BA6419D1230E008CF6E2 /* BCycle.app */,
				1D40BA7D19D1230E008CF6E2 /* BCycleTests.xctest */,
			);
			name = Products;
			sourceTree = "<group>";
		};
		1D40BA6619D1230E008CF6E2 /* BCycle */ = {
			isa = PBXGroup;
			children = (
				1D40BA8D19D12B30008CF6E2 /* Services */,
				1D40BA6B19D1230E008CF6E2 /* AppDelegate.h */,
				1D40BA6C19D1230E008CF6E2 /* AppDelegate.m */,
				1D40BA6E19D1230E008CF6E2 /* BCycleStationsViewController.h */,
				1D40BA6F19D1230E008CF6E2 /* BCycleStationsViewController.m */,
				1D43B4FE1A48CBEB00204622 /* StationInformationViewController.h */,
				1D43B4FF1A48CBEB00204622 /* StationInformationViewController.m */,
				1DDC03D01A4624F2002A220D /* BCycleStation.h */,
				1DDC03D11A4624F2002A220D /* BCycleStation.m */,
				1DDC03D61A4626DC002A220D /* BCycleStation+MKAnnontation.h */,
				1DDC03D71A4626DC002A220D /* BCycleStation+MKAnnontation.m */,
				1D40BA7119D1230E008CF6E2 /* Main-iPhone.storyboard */,
				1DEDCE661A47733A00D51456 /* Images.xcassets */,
				1D40BA6719D1230E008CF6E2 /* Supporting Files */,
			);
			path = BCycle;
			sourceTree = "<group>";
		};
		1D40BA6719D1230E008CF6E2 /* Supporting Files */ = {
			isa = PBXGroup;
			children = (
				1D40BA6819D1230E008CF6E2 /* Info.plist */,
				1D40BA6919D1230E008CF6E2 /* main.m */,
				A9AAA04B19D4C27C00D928D0 /* Denver.gpx */,
				1DF99E9F1A619EFE00E60C83 /* Boulder.gpx */,
			);
			name = "Supporting Files";
			sourceTree = "<group>";
		};
		1D40BA8019D1230E008CF6E2 /* BCycleTests */ = {
			isa = PBXGroup;
			children = (
				1D40BA8319D1230E008CF6E2 /* BCycleTests.m */,
				1D40BA8119D1230E008CF6E2 /* Supporting Files */,
			);
			path = BCycleTests;
			sourceTree = "<group>";
		};
		1D40BA8119D1230E008CF6E2 /* Supporting Files */ = {
			isa = PBXGroup;
			children = (
				1D40BA8219D1230E008CF6E2 /* Info.plist */,
			);
			name = "Supporting Files";
			sourceTree = "<group>";
		};
		1D40BA8D19D12B30008CF6E2 /* Services */ = {
			isa = PBXGroup;
			children = (
				1D40BA8E19D12B50008CF6E2 /* BCycleServices.h */,
				1D40BA8F19D12B50008CF6E2 /* BCycleServices.m */,
			);
			name = Services;
			sourceTree = "<group>";
		};
/* End PBXGroup section */

/* Begin PBXNativeTarget section */
		1D40BA6319D1230E008CF6E2 /* BCycle */ = {
			isa = PBXNativeTarget;
			buildConfigurationList = 1D40BA8719D1230E008CF6E2 /* Build configuration list for PBXNativeTarget "BCycle" */;
			buildPhases = (
				1D40BA6019D1230E008CF6E2 /* Sources */,
				1D40BA6119D1230E008CF6E2 /* Frameworks */,
				1D40BA6219D1230E008CF6E2 /* Resources */,
			);
			buildRules = (
			);
			dependencies = (
			);
			name = BCycle;
			productName = BCycle;
			productReference = 1D40BA6419D1230E008CF6E2 /* BCycle.app */;
			productType = "com.apple.product-type.application";
		};
		1D40BA7C19D1230E008CF6E2 /* BCycleTests */ = {
			isa = PBXNativeTarget;
			buildConfigurationList = 1D40BA8A19D1230E008CF6E2 /* Build configuration list for PBXNativeTarget "BCycleTests" */;
			buildPhases = (
				1D40BA7919D1230E008CF6E2 /* Sources */,
				1D40BA7A19D1230E008CF6E2 /* Frameworks */,
				1D40BA7B19D1230E008CF6E2 /* Resources */,
			);
			buildRules = (
			);
			dependencies = (
				1D40BA7F19D1230E008CF6E2 /* PBXTargetDependency */,
			);
			name = BCycleTests;
			productName = BCycleTests;
			productReference = 1D40BA7D19D1230E008CF6E2 /* BCycleTests.xctest */;
			productType = "com.apple.product-type.bundle.unit-test";
		};
/* End PBXNativeTarget section */

/* Begin PBXProject section */
		1D40BA5C19D1230E008CF6E2 /* Project object */ = {
			isa = PBXProject;
			attributes = {
				LastUpgradeCheck = 0600;
				ORGANIZATIONNAME = "Thomas Traylor";
				TargetAttributes = {
					1D40BA6319D1230E008CF6E2 = {
						CreatedOnToolsVersion = 6.0;
						SystemCapabilities = {
							com.apple.BackgroundModes = {
								enabled = 1;
							};
							com.apple.Maps.iOS = {
								enabled = 1;
							};
						};
					};
					1D40BA7C19D1230E008CF6E2 = {
						CreatedOnToolsVersion = 6.0;
						TestTargetID = 1D40BA6319D1230E008CF6E2;
					};
				};
			};
			buildConfigurationList = 1D40BA5F19D1230E008CF6E2 /* Build configuration list for PBXProject "BCycle" */;
			compatibilityVersion = "Xcode 3.2";
			developmentRegion = English;
			hasScannedForEncodings = 0;
			knownRegions = (
				en,
				Base,
			);
			mainGroup = 1D40BA5B19D1230E008CF6E2;
			productRefGroup = 1D40BA6519D1230E008CF6E2 /* Products */;
			projectDirPath = "";
			projectRoot = "";
			targets = (
				1D40BA6319D1230E008CF6E2 /* BCycle */,
				1D40BA7C19D1230E008CF6E2 /* BCycleTests */,
			);
		};
/* End PBXProject section */

/* Begin PBXResourcesBuildPhase section */
		1D40BA6219D1230E008CF6E2 /* Resources */ = {
			isa = PBXResourcesBuildPhase;
			buildActionMask = 2147483647;
			files = (
				1DEDCE671A47733A00D51456 /* Images.xcassets in Resources */,
				1D40BA7319D1230E008CF6E2 /* Main-iPhone.storyboard in Resources */,
				1DF99EA01A619EFE00E60C83 /* Boulder.gpx in Resources */,
			);
			runOnlyForDeploymentPostprocessing = 0;
		};
		1D40BA7B19D1230E008CF6E2 /* Resources */ = {
			isa = PBXResourcesBuildPhase;
			buildActionMask = 2147483647;
			files = (
			);
			runOnlyForDeploymentPostprocessing = 0;
		};
/* End PBXResourcesBuildPhase section */

/* Begin PBXSourcesBuildPhase section */
		1D40BA6019D1230E008CF6E2 /* Sources */ = {
			isa = PBXSourcesBuildPhase;
			buildActionMask = 2147483647;
			files = (
				1D40BA7019D1230E008CF6E2 /* BCycleStationsViewController.m in Sources */,
				1D40BA9019D12B50008CF6E2 /* BCycleServices.m in Sources */,
				1D40BA6D19D1230E008CF6E2 /* AppDelegate.m in Sources */,
				1DDC03D21A4624F2002A220D /* BCycleStation.m in Sources */,
				1D43B5001A48CBEB00204622 /* StationInformationViewController.m in Sources */,
				1DDC03D81A4626DC002A220D /* BCycleStation+MKAnnontation.m in Sources */,
				1D40BA6A19D1230E008CF6E2 /* main.m in Sources */,
			);
			runOnlyForDeploymentPostprocessing = 0;
		};
		1D40BA7919D1230E008CF6E2 /* Sources */ = {
			isa = PBXSourcesBuildPhase;
			buildActionMask = 2147483647;
			files = (
				1D40BA8419D1230E008CF6E2 /* BCycleTests.m in Sources */,
			);
			runOnlyForDeploymentPostprocessing = 0;
		};
/* End PBXSourcesBuildPhase section */

/* Begin PBXTargetDependency section */
		1D40BA7F19D1230E008CF6E2 /* PBXTargetDependency */ = {
			isa = PBXTargetDependency;
			target = 1D40BA6319D1230E008CF6E2 /* BCycle */;
			targetProxy = 1D40BA7E19D1230E008CF6E2 /* PBXContainerItemProxy */;
		};
/* End PBXTargetDependency section */

/* Begin PBXVariantGroup section */
		1D40BA7119D1230E008CF6E2 /* Main-iPhone.storyboard */ = {
			isa = PBXVariantGroup;
			children = (
				1D40BA7219D1230E008CF6E2 /* Base */,
			);
			name = "Main-iPhone.storyboard";
			sourceTree = "<group>";
		};
/* End PBXVariantGroup section */

/* Begin XCBuildConfiguration section */
		1D40BA8519D1230E008CF6E2 /* Debug */ = {
			isa = XCBuildConfiguration;
			buildSettings = {
				ALWAYS_SEARCH_USER_PATHS = NO;
				CLANG_CXX_LANGUAGE_STANDARD = "gnu++0x";
				CLANG_CXX_LIBRARY = "libc++";
				CLANG_ENABLE_MODULES = YES;
				CLANG_ENABLE_OBJC_ARC = YES;
				CLANG_WARN_BOOL_CONVERSION = YES;
				CLANG_WARN_CONSTANT_CONVERSION = YES;
				CLANG_WARN_DIRECT_OBJC_ISA_USAGE = YES_ERROR;
				CLANG_WARN_EMPTY_BODY = YES;
				CLANG_WARN_ENUM_CONVERSION = YES;
				CLANG_WARN_INT_CONVERSION = YES;
				CLANG_WARN_OBJC_ROOT_CLASS = YES_ERROR;
				CLANG_WARN_UNREACHABLE_CODE = YES;
				CLANG_WARN__DUPLICATE_METHOD_MATCH = YES;
				"CODE_SIGN_IDENTITY[sdk=iphoneos*]" = "iPhone Developer";
				COPY_PHASE_STRIP = NO;
				ENABLE_STRICT_OBJC_MSGSEND = YES;
				GCC_C_LANGUAGE_STANDARD = gnu99;
				GCC_DYNAMIC_NO_PIC = NO;
				GCC_OPTIMIZATION_LEVEL = 0;
				GCC_PREPROCESSOR_DEFINITIONS = (
					"DEBUG=1",
					"$(inherited)",
				);
				GCC_SYMBOLS_PRIVATE_EXTERN = NO;
				GCC_WARN_64_TO_32_BIT_CONVERSION = YES;
				GCC_WARN_ABOUT_RETURN_TYPE = YES_ERROR;
				GCC_WARN_UNDECLARED_SELECTOR = YES;
				GCC_WARN_UNINITIALIZED_AUTOS = YES_AGGRESSIVE;
				GCC_WARN_UNUSED_FUNCTION = YES;
				GCC_WARN_UNUSED_VARIABLE = YES;
				IPHONEOS_DEPLOYMENT_TARGET = 8.0;
				MTL_ENABLE_DEBUG_INFO = YES;
				ONLY_ACTIVE_ARCH = YES;
				SDKROOT = iphoneos;
				TARGETED_DEVICE_FAMILY = "1,2";
			};
			name = Debug;
		};
		1D40BA8619D1230E008CF6E2 /* Release */ = {
			isa = XCBuildConfiguration;
			buildSettings = {
				ALWAYS_SEARCH_USER_PATHS = NO;
				CLANG_CXX_LANGUAGE_STANDARD = "gnu++0x";
				CLANG_CXX_LIBRARY = "libc++";
				CLANG_ENABLE_MODULES = YES;
				CLANG_ENABLE_OBJC_ARC = YES;
				CLANG_WARN_BOOL_CONVERSION = YES;
				CLANG_WARN_CONSTANT_CONVERSION = YES;
				CLANG_WARN_DIRECT_OBJC_ISA_USAGE = YES_ERROR;
				CLANG_WARN_EMPTY_BODY = YES;
				CLANG_WARN_ENUM_CONVERSION = YES;
				CLANG_WARN_INT_CONVERSION = YES;
				CLANG_WARN_OBJC_ROOT_CLASS = YES_ERROR;
				CLANG_WARN_UNREACHABLE_CODE = YES;
				CLANG_WARN__DUPLICATE_METHOD_MATCH = YES;
				"CODE_SIGN_IDENTITY[sdk=iphoneos*]" = "iPhone Developer";
				COPY_PHASE_STRIP = YES;
				ENABLE_NS_ASSERTIONS = NO;
				ENABLE_STRICT_OBJC_MSGSEND = YES;
				GCC_C_LANGUAGE_STANDARD = gnu99;
				GCC_WARN_64_TO_32_BIT_CONVERSION = YES;
				GCC_WARN_ABOUT_RETURN_TYPE = YES_ERROR;
				GCC_WARN_UNDECLARED_SELECTOR = YES;
				GCC_WARN_UNINITIALIZED_AUTOS = YES_AGGRESSIVE;
				GCC_WARN_UNUSED_FUNCTION = YES;
				GCC_WARN_UNUSED_VARIABLE = YES;
				IPHONEOS_DEPLOYMENT_TARGET = 8.0;
				MTL_ENABLE_DEBUG_INFO = NO;
				SDKROOT = iphoneos;
				TARGETED_DEVICE_FAMILY = "1,2";
				VALIDATE_PRODUCT = YES;
			};
			name = Release;
		};
		1D40BA8819D1230E008CF6E2 /* Debug */ = {
			isa = XCBuildConfiguration;
			buildSettings = {
				ASSETCATALOG_COMPILER_APPICON_NAME = AppIcon;
				ASSETCATALOG_COMPILER_LAUNCHIMAGE_NAME = LaunchImage;
				INFOPLIST_FILE = BCycle/Info.plist;
				IPHONEOS_DEPLOYMENT_TARGET = 8.0;
				LD_RUNPATH_SEARCH_PATHS = "$(inherited) @executable_path/Frameworks";
				PRODUCT_NAME = "$(TARGET_NAME)";
				TARGETED_DEVICE_FAMILY = 1;
			};
			name = Debug;
		};
		1D40BA8919D1230E008CF6E2 /* Release */ = {
			isa = XCBuildConfiguration;
			buildSettings = {
				ASSETCATALOG_COMPILER_APPICON_NAME = AppIcon;
				ASSETCATALOG_COMPILER_LAUNCHIMAGE_NAME = LaunchImage;
				INFOPLIST_FILE = BCycle/Info.plist;
				IPHONEOS_DEPLOYMENT_TARGET = 8.0;
				LD_RUNPATH_SEARCH_PATHS = "$(inherited) @executable_path/Frameworks";
				PRODUCT_NAME = "$(TARGET_NAME)";
				TARGETED_DEVICE_FAMILY = 1;
			};
			name = Release;
		};
		1D40BA8B19D1230E008CF6E2 /* Debug */ = {
			isa = XCBuildConfiguration;
			buildSettings = {
				BUNDLE_LOADER = "$(TEST_HOST)";
				FRAMEWORK_SEARCH_PATHS = (
					"$(SDKROOT)/Developer/Library/Frameworks",
					"$(inherited)",
				);
				GCC_PREPROCESSOR_DEFINITIONS = (
					"DEBUG=1",
					"$(inherited)",
				);
				INFOPLIST_FILE = BCycleTests/Info.plist;
				LD_RUNPATH_SEARCH_PATHS = "$(inherited) @executable_path/Frameworks @loader_path/Frameworks";
				PRODUCT_NAME = "$(TARGET_NAME)";
				TEST_HOST = "$(BUILT_PRODUCTS_DIR)/BCycle.app/BCycle";
			};
			name = Debug;
		};
		1D40BA8C19D1230E008CF6E2 /* Release */ = {
			isa = XCBuildConfiguration;
			buildSettings = {
				BUNDLE_LOADER = "$(TEST_HOST)";
				FRAMEWORK_SEARCH_PATHS = (
					"$(SDKROOT)/Developer/Library/Frameworks",
					"$(inherited)",
				);
				INFOPLIST_FILE = BCycleTests/Info.plist;
				LD_RUNPATH_SEARCH_PATHS = "$(inherited) @executable_path/Frameworks @loader_path/Frameworks";
				PRODUCT_NAME = "$(TARGET_NAME)";
				TEST_HOST = "$(BUILT_PRODUCTS_DIR)/BCycle.app/BCycle";
			};
			name = Release;
		};
/* End XCBuildConfiguration section */

/* Begin XCConfigurationList section */
		1D40BA5F19D1230E008CF6E2 /* Build configuration list for PBXProject "BCycle" */ = {
			isa = XCConfigurationList;
			buildConfigurations = (
				1D40BA8519D1230E008CF6E2 /* Debug */,
				1D40BA8619D1230E008CF6E2 /* Release */,
			);
			defaultConfigurationIsVisible = 0;
			defaultConfigurationName = Release;
		};
		1D40BA8719D1230E008CF6E2 /* Build configuration list for PBXNativeTarget "BCycle" */ = {
			isa = XCConfigurationList;
			buildConfigurations = (
				1D40BA8819D1230E008CF6E2 /* Debug */,
				1D40BA8919D1230E008CF6E2 /* Release */,
			);
			defaultConfigurationIsVisible = 0;
			defaultConfigurationName = Release;
		};
		1D40BA8A19D1230E008CF6E2 /* Build configuration list for PBXNativeTarget "BCycleTests" */ = {
			isa = XCConfigurationList;
			buildConfigurations = (
				1D40BA8B19D1230E008CF6E2 /* Debug */,
				1D40BA8C19D1230E008CF6E2 /* Release */,
			);
			defaultConfigurationIsVisible = 0;
			defaultConfigurationName = Release;
		};
/* End XCConfigurationList section */
	};
	rootObject = 1D40BA5C19D1230E008CF6E2 /* Project object */;
}
